{
  "name": "@insta-cyborg/util",
  "version": "0.3.0",
  "lockfileVersion": 2,
  "requires": true,
  "packages": {
    "": {
      "name": "@insta-cyborg/util",
      "version": "0.3.0",
      "hasInstallScript": true,
      "license": "ISC",
      "dependencies": {
        "@insta-cyborg/config": "^0.3.0"
      },
      "devDependencies": {}
    },
    "../config": {
      "name": "@insta-cyborg/config",
      "version": "0.0.0",
      "license": "UNLICENSED"
    },
    "node_modules/@insta-cyborg/config": {
      "resolved": "../config",
      "link": true
    },
    "node_modules/@types/node": {
      "version": "17.0.21",
      "resolved": "https://registry.npmjs.org/@types/node/-/node-17.0.21.tgz",
      "integrity": "sha512-DBZCJbhII3r90XbQxI8Y9IjjiiOGlZ0Hr32omXIZvwwZ7p4DMMXGrKXVyPfuoBOri9XNtL0UK69jYIBIsRX3QQ==",
      "dev": true
    }
  },
  "dependencies": {
    "@insta-cyborg/config": {
      "version": "file:../config"
    },
    "@types/node": {
      "version": "17.0.21",
      "resolved": "https://registry.npmjs.org/@types/node/-/node-17.0.21.tgz",
      "integrity": "sha512-DBZCJbhII3r90XbQxI8Y9IjjiiOGlZ0Hr32omXIZvwwZ7p4DMMXGrKXVyPfuoBOri9XNtL0UK69jYIBIsRX3QQ==",
      "dev": true
    }
  }
}
